
Microsoft Visual Studio Solution File, Format Version 12.00
# Visual Studio 15
VisualStudioVersion = 15.0.28010.2048
MinimumVisualStudioVersion = 10.0.40219.1
Project("{FAE04EC0-301F-11D3-BF4B-00C04F79EFBC}") = "WebApiTEColones", "WebApiTEColones\WebApiTEColones.csproj", "{4A7B0CAA-6F36-477C-BFBB-6759F91CCFAA}"
EndProject
Global
	GlobalSection(SolutionConfigurationPlatforms) = preSolution
		Debug|Any CPU = Debug|Any CPU
		Release|Any CPU = Release|Any CPU
	EndGlobalSection
	GlobalSection(ProjectConfigurationPlatforms) = postSolution
		{4A7B0CAA-6F36-477C-BFBB-6759F91CCFAA}.Debug|Any CPU.ActiveCfg = Debug|Any CPU
		{4A7B0CAA-6F36-477C-BFBB-6759F91CCFAA}.Debug|Any CPU.Build.0 = Debug|Any CPU
		{4A7B0CAA-6F36-477C-BFBB-6759F91CCFAA}.Release|Any CPU.ActiveCfg = Release|Any CPU
		{4A7B0CAA-6F36-477C-BFBB-6759F91CCFAA}.Release|Any CPU.Build.0 = Release|Any CPU
	EndGlobalSection
	GlobalSection(SolutionProperties) = preSolution
		HideSolutionNode = FALSE
	EndGlobalSection
	GlobalSection(ExtensibilityGlobals) = postSolution
		SolutionGuid = {A2B21EED-906C-4B9D-B8BF-C6FD1495AE1A}
	EndGlobalSection
EndGlobal
